<Solution>
  <Project Path="Coredian.Serialization.JsonSchema-Editor.csproj" />
  <Project Path="facebook_sdk_sdk.csproj" />
  <Project Path="CoreUnity-Editor.csproj" />
  <Project Path="ModulesFacade-Editor.csproj" />
  <Project Path="inapp_purchases_configuration.csproj" />
  <Project Path="JsonSerializer.csproj" />
  <Project Path="Assembly-CSharp.csproj" />
  <Project Path="ModulesFacade.csproj" />
  <Project Path="AppleBuildTools-Editor.csproj" />
  <Project Path="Assets-Editor.csproj" />
  <Project Path="CrossPromo.csproj" />
  <Project Path="Coredian.BusinessLogic.csproj" />
  <Project Path="core_unity_logger_file_output.csproj" />
  <Project Path="Core.csproj" />
  <Project Path="Coredian.PluginsInterface.csproj" />
  <Project Path="Coredian.Advertisements.AppLovinMAX.csproj" />
  <Project Path="Android Build Tools-Editor.csproj" />
  <Project Path="Coredian.CrossPromoInterface.csproj" />
  <Project Path="Coredian.Privacy.Usercentrics.Android-Editor.csproj" />
  <Project Path="firebase_sdk_android_editor.csproj" />
  <Project Path="appsflyer_sdk_android_editor.csproj" />
  <Project Path="Coredian.Firebase.Interface.csproj" />
  <Project Path="Coredian.Facebook.Apple.csproj" />
  <Project Path="Coredian.Advertisements.Selectors.PatternSelector.csproj" />
  <Project Path="firebase_remote_config_editor_runtime.csproj" />
  <Project Path="Coredian.InAppPurchases.csproj" />
  <Project Path="MonoBehaviourHost.csproj" />
  <Project Path="Coredian.AppLovinMAX.Editor-Editor.csproj" />
  <Project Path="CrossPromoWaterfallSource.csproj" />
  <Project Path="Coredian.TesterGUI.Interface.csproj" />
  <Project Path="Coredian.StoreVariants.Editor-Editor.csproj" />
  <Project Path="Coredian.Advertisements.Editor-Editor.csproj" />
  <Project Path="Coredian.Serialization.JsonSchema.csproj" />
  <Project Path="Coredian.InAppPurchases.Apple.AppStore-Editor.csproj" />
  <Project Path="CoreUnity.csproj" />
  <Project Path="Coredian.InAppPurchasesInterface.csproj" />
  <Project Path="Coredian.BoomBitIdsImporter-Editor.csproj" />
  <Project Path="CrossPromo-Android.csproj" />
  <Project Path="LoggerConfigurator.csproj" />
  <Project Path="Coredian.AdvertisementsInterface.csproj" />
  <Project Path="Coredian.Advertisements.csproj" />
  <Project Path="LoggerConfigurator-Editor.csproj" />
  <Project Path="CoreUnityPlatformDiscovery-Editor.csproj" />
  <Project Path="Coredian.Consent.csproj" />
  <Project Path="Core.DataInterface.csproj" />
  <Project Path="Coredian.Attribution.AppsFlyer.csproj" />
  <Project Path="Core.ConsentInterface.csproj" />
  <Project Path="Assembly-CSharp-Editor.csproj" />
  <Project Path="Coredian.Privacy.Usercentrics.csproj" />
  <Project Path="Assembly-CSharp-firstpass.csproj" />
  <Project Path="Coredian.Facebook.csproj" />
  <Project Path="Core.AdvertisingIdConsentView-Editor.csproj" />
  <Project Path="Coredian.FirebaseSdk.csproj" />
  <Project Path="CrossPromotionAdvertisementsProvider.csproj" />
  <Project Path="CrossPromo-Dummy.csproj" />
  <Project Path="appsflyer_sdk_apple_editor.csproj" />
  <Project Path="Coredian.FacebookInterface.csproj" />
  <Project Path="AppsFlyerSDK.csproj" />
  <Project Path="Assets.csproj" />
  <Project Path="Coredian.Advertisements.Selectors.Editor-Editor.csproj" />
  <Project Path="inapp_purchases_android_gp_configuration.csproj" />
  <Project Path="CrossPromoWaterfallSource-Editor.csproj" />
  <Project Path="inapp_purchases_dummy.csproj" />
  <Project Path="usercentrics_configuration.csproj" />
  <Project Path="Coredian.AdvertisingId-Editor.csproj" />
  <Project Path="Coredian.HCSDKFacade.csproj" />
  <Project Path="Core.ApplicationMetadata.csproj" />
  <Project Path="Coredian.Privacy.Usercentrics.Apple-Editor.csproj" />
  <Project Path="Coredian.Advertisements.AppOpenAds.csproj" />
  <Project Path="Core.ApplicationMetadataInterface.csproj" />
  <Project Path="Coredian.InAppPurchases-Editor.csproj" />
  <Project Path="Core.ApplicationMetadata-Editor.csproj" />
  <Project Path="firebase_crashlytics_dummy.csproj" />
  <Project Path="Coredian.Attribution.Interface.csproj" />
  <Project Path="MonoBehaviourHost-Editor.csproj" />
  <Project Path="Coredian.AppLovinMAX.Apple.Editor-Editor.csproj" />
  <Project Path="Coredian.FirebaseCrashlytics.csproj" />
  <Project Path="firebase_sdk_apple_editor.csproj" />
  <Project Path="Coredian.InAppPurchases.Android.GooglePlayStore-Editor.csproj" />
  <Project Path="Coredian.FirebaseRemoteConfig.csproj" />
  <Project Path="Coredian.FirebaseCrashlytics-Editor.csproj" />
  <Project Path="Coredian.StoreVariants.csproj" />
  <Project Path="Coredian.Gadsme.Editor-Editor.csproj" />
  <Project Path="Coredian.BusinessLogic-Editor.csproj" />
  <Project Path="Coredian.Privacy.Usercentrics-Editor.csproj" />
  <Project Path="Coredian.Attribution.AppsFlyer-Editor.csproj" />
  <Project Path="Coredian.Facebook.Android.csproj" />
  <Project Path="Coredian.Advertisements.AppOpenAdsInterface.csproj" />
  <Project Path="Coredian.Advertisements.AppOpenAds.Editor-Editor.csproj" />
  <Project Path="Coredian.AdvertisingId.csproj" />
  <Project Path="Coredian.FirebaseRemoteConfig-Editor.csproj" />
  <Project Path="firebase_remote_config_native.csproj" />
  <Project Path="firebase_remote_config_configuration.csproj" />
  <Project Path="Coredian.Consent-Editor.csproj" />
  <Project Path="NativeUtilities.csproj" />
  <Project Path="usercentrics_dummy.csproj" />
  <Project Path="Coredian.Gadsme.csproj" />
  <Project Path="Coredian.Advertisements.UserJourney.Interface.csproj" />
  <Project Path="user_age_range_dummy.csproj" />
  <Project Path="Skadnetwork-Editor.csproj" />
  <Project Path="Coredian.GameServicesInterface.csproj" />
  <Project Path="Coredian.BusinessLogic.Interface.csproj" />
  <Project Path="Coredian.Facebook-Editor.csproj" />
  <Project Path="advertising_id_dummy.csproj" />
  <Project Path="CrossPromo-Editor.csproj" />
  <Project Path="TikTok App Events SDK Interface.csproj" />
  <Project Path="Coredian.AppLovinMAX.Android.Editor-Editor.csproj" />
  <Project Path="firebase_sdk_dummy.csproj" />
  <Project Path="Core.AdvertisingIdConsentView.csproj" />
  <Project Path="CrossPromo-Apple.csproj" />
  <Project Path="Coredian.Privacy.UserAgeRange.csproj" />
  <Project Path="CryptoExternal.csproj" />
  <Project Path="Coredian.Privacy.UserAgeRange.Apple-Editor.csproj" />
  <Project Path="firebase_remote_config_apple_editor.csproj" />
  <Project Path="Coredian.GadsmeInterface.csproj" />
  <Project Path="inapp_purchases_apple_storekit1_configuration.csproj" />
</Solution>
